
Microsoft Visual Studio Solution File, Format Version 12.00
# Visual Studio Version 16
VisualStudioVersion = 16.0.30804.86
MinimumVisualStudioVersion = 10.0.40219.1
Project("{FAE04EC0-301F-11D3-BF4B-00C04F79EFBC}") = "Project AP", "Project AP\Project AP.csproj", "{C81B30F0-329B-4057-9CF0-3EFE8DC4854C}"
EndProject
Global
	GlobalSection(SolutionConfigurationPlatforms) = preSolution
		Debug|Any CPU = Debug|Any CPU
		Release|Any CPU = Release|Any CPU
	EndGlobalSection
	GlobalSection(ProjectConfigurationPlatforms) = postSolution
		{C81B30F0-329B-4057-9CF0-3EFE8DC4854C}.Debug|Any CPU.ActiveCfg = Debug|Any CPU
		{C81B30F0-329B-4057-9CF0-3EFE8DC4854C}.Debug|Any CPU.Build.0 = Debug|Any CPU
		{C81B30F0-329B-4057-9CF0-3EFE8DC4854C}.Release|Any CPU.ActiveCfg = Release|Any CPU
		{C81B30F0-329B-4057-9CF0-3EFE8DC4854C}.Release|Any CPU.Build.0 = Release|Any CPU
	EndGlobalSection
	GlobalSection(SolutionProperties) = preSolution
		HideSolutionNode = FALSE
	EndGlobalSection
	GlobalSection(ExtensibilityGlobals) = postSolution
		SolutionGuid = {349BB6B4-DEC5-4E1B-A0B0-26E52729C4FC}
	EndGlobalSection
EndGlobal
